
Microsoft Visual Studio Solution File, Format Version 12.00
# Visual Studio Version 16
VisualStudioVersion = 16.0.30611.23
MinimumVisualStudioVersion = 10.0.40219.1
Project("{FAE04EC0-301F-11D3-BF4B-00C04F79EFBC}") = "Instagram", "Instagram.csproj", "{B0076135-22FB-457E-9F52-66061CA44CDE}"
EndProject
Global
	GlobalSection(SolutionConfigurationPlatforms) = preSolution
		Debug|Any CPU = Debug|Any CPU
		Release|Any CPU = Release|Any CPU
	EndGlobalSection
	GlobalSection(ProjectConfigurationPlatforms) = postSolution
		{B0076135-22FB-457E-9F52-66061CA44CDE}.Debug|Any CPU.ActiveCfg = Debug|Any CPU
		{B0076135-22FB-457E-9F52-66061CA44CDE}.Debug|Any CPU.Build.0 = Debug|Any CPU
		{B0076135-22FB-457E-9F52-66061CA44CDE}.Release|Any CPU.ActiveCfg = Release|Any CPU
		{B0076135-22FB-457E-9F52-66061CA44CDE}.Release|Any CPU.Build.0 = Release|Any CPU
	EndGlobalSection
	GlobalSection(SolutionProperties) = preSolution
		HideSolutionNode = FALSE
	EndGlobalSection
	GlobalSection(ExtensibilityGlobals) = postSolution
		SolutionGuid = {2BEF3C56-C1BF-4B72-91D2-F438DA9C7198}
	EndGlobalSection
EndGlobal
